// !$*UTF8*$!
{
	archiveVersion = 1;
	classes = {
	};
	objectVersion = 56;
	objects = {

/* Begin PBXBuildFile section */
		2A889BDB29A8D6420077BE2B /* TracksApp.swift in Sources */ = {isa = PBXBuildFile; fileRef = 2A889BDA29A8D6420077BE2B /* TracksApp.swift */; };
		2A889BDD29A8D6420077BE2B /* SelectedRouteView.swift in Sources */ = {isa = PBXBuildFile; fileRef = 2A889BDC29A8D6420077BE2B /* SelectedRouteView.swift */; };
		2A889BE229A8D6430077BE2B /* Preview Assets.xcassets in Resources */ = {isa = PBXBuildFile; fileRef = 2A889BE129A8D6430077BE2B /* Preview Assets.xcassets */; };
		2A889BE529A8D6430077BE2B /* Tracks Watch App.app in Embed Watch Content */ = {isa = PBXBuildFile; fileRef = 2A889BD829A8D6420077BE2B /* Tracks Watch App.app */; settings = {ATTRIBUTES = (RemoveHeadersOnCopy, ); }; };
		2AD4386D29ACAC6E000B19CD /* RoutesView.swift in Sources */ = {isa = PBXBuildFile; fileRef = 2AD4386B29ACAC6E000B19CD /* RoutesView.swift */; };
		2ADA500B29ADFAD1000DB962 /* RoutesView.swift in Sources */ = {isa = PBXBuildFile; fileRef = 2AD4386B29ACAC6E000B19CD /* RoutesView.swift */; };
		2ADA500D29ADFB7F000DB962 /* ButtonView.swift in Sources */ = {isa = PBXBuildFile; fileRef = 2ADA500C29ADFB7F000DB962 /* ButtonView.swift */; };
		2ADA500E29ADFBFA000DB962 /* ButtonView.swift in Sources */ = {isa = PBXBuildFile; fileRef = 2ADA500C29ADFB7F000DB962 /* ButtonView.swift */; };
		3B863D3829A60FAB00B606AE /* View+Shape.swift in Sources */ = {isa = PBXBuildFile; fileRef = 3B863D3729A60FAB00B606AE /* View+Shape.swift */; };
		3B863D3A29A6370800B606AE /* tripCardEmpty.swift in Sources */ = {isa = PBXBuildFile; fileRef = 3B863D3929A6370800B606AE /* tripCardEmpty.swift */; };
		3B863D3C29A7698D00B606AE /* tripEditSheetView.swift in Sources */ = {isa = PBXBuildFile; fileRef = 3B863D3B29A7698D00B606AE /* tripEditSheetView.swift */; };
		3B863D4229A8D03E00B606AE /* iconSelector.swift in Sources */ = {isa = PBXBuildFile; fileRef = 3B863D4129A8D03E00B606AE /* iconSelector.swift */; };
		3B863D4829ADFB6700B606AE /* tripController.swift in Sources */ = {isa = PBXBuildFile; fileRef = 3B863D4729ADFB6700B606AE /* tripController.swift */; };
		3B863D4A29AE16D100B606AE /* SavedTrip.swift in Sources */ = {isa = PBXBuildFile; fileRef = 3B863D4929AE16D100B606AE /* SavedTrip.swift */; };
		3B863D4C29AE19F700B606AE /* Station.swift in Sources */ = {isa = PBXBuildFile; fileRef = 3B863D4B29AE19F700B606AE /* Station.swift */; };
		3B863D4D29AE19F700B606AE /* Station.swift in Sources */ = {isa = PBXBuildFile; fileRef = 3B863D4B29AE19F700B606AE /* Station.swift */; };
		3B863D4E29AE19F700B606AE /* Station.swift in Sources */ = {isa = PBXBuildFile; fileRef = 3B863D4B29AE19F700B606AE /* Station.swift */; };
		3B863D5029AF449700B606AE /* onBoarding.swift in Sources */ = {isa = PBXBuildFile; fileRef = 3B863D4F29AF449700B606AE /* onBoarding.swift */; };
		3B8936B929B20A5100591672 /* firstView.swift in Sources */ = {isa = PBXBuildFile; fileRef = 3B8936B829B20A5100591672 /* firstView.swift */; };
		3B8936BB29B2157A00591672 /* secondView.swift in Sources */ = {isa = PBXBuildFile; fileRef = 3B8936BA29B2157A00591672 /* secondView.swift */; };
		3B8936BD29B728A000591672 /* thirdView.swift in Sources */ = {isa = PBXBuildFile; fileRef = 3B8936BC29B728A000591672 /* thirdView.swift */; };
		C000A84129B8928B00FDCC59 /* CardWidgetView.swift in Sources */ = {isa = PBXBuildFile; fileRef = C000A84029B8928B00FDCC59 /* CardWidgetView.swift */; };
		C000A84229B8928B00FDCC59 /* CardWidgetView.swift in Sources */ = {isa = PBXBuildFile; fileRef = C000A84029B8928B00FDCC59 /* CardWidgetView.swift */; };
		C000A84329B8933800FDCC59 /* RoutesView.swift in Sources */ = {isa = PBXBuildFile; fileRef = 2AD4386B29ACAC6E000B19CD /* RoutesView.swift */; };
		C000A84429B8934200FDCC59 /* ButtonView.swift in Sources */ = {isa = PBXBuildFile; fileRef = 2ADA500C29ADFB7F000DB962 /* ButtonView.swift */; };
		C000A84829B8939E00FDCC59 /* RoutesWidgetView.swift in Sources */ = {isa = PBXBuildFile; fileRef = C000A84729B8939E00FDCC59 /* RoutesWidgetView.swift */; };
		C000A84929B8939E00FDCC59 /* RoutesWidgetView.swift in Sources */ = {isa = PBXBuildFile; fileRef = C000A84729B8939E00FDCC59 /* RoutesWidgetView.swift */; };
		C000A84B29B893B000FDCC59 /* RoutesMediumWidgetView.swift in Sources */ = {isa = PBXBuildFile; fileRef = C000A84A29B893B000FDCC59 /* RoutesMediumWidgetView.swift */; };
		C000A84C29B893B000FDCC59 /* RoutesMediumWidgetView.swift in Sources */ = {isa = PBXBuildFile; fileRef = C000A84A29B893B000FDCC59 /* RoutesMediumWidgetView.swift */; };
		C000A85129B894DA00FDCC59 /* CardWidgetSmallView.swift in Sources */ = {isa = PBXBuildFile; fileRef = C000A85029B894DA00FDCC59 /* CardWidgetSmallView.swift */; };
		C000A85229B894DA00FDCC59 /* CardWidgetSmallView.swift in Sources */ = {isa = PBXBuildFile; fileRef = C000A85029B894DA00FDCC59 /* CardWidgetSmallView.swift */; };
		C000A85329B8965E00FDCC59 /* RoutesMediumWidgetView.swift in Sources */ = {isa = PBXBuildFile; fileRef = C000A84A29B893B000FDCC59 /* RoutesMediumWidgetView.swift */; };
		C000A85829B8A3CD00FDCC59 /* Localizable.strings in Resources */ = {isa = PBXBuildFile; fileRef = C000A85C29B8A3CD00FDCC59 /* Localizable.strings */; };
		C000A85929B8A3CD00FDCC59 /* Localizable.strings in Resources */ = {isa = PBXBuildFile; fileRef = C000A85C29B8A3CD00FDCC59 /* Localizable.strings */; };
		C000A85A29B8A3CD00FDCC59 /* Localizable.strings in Resources */ = {isa = PBXBuildFile; fileRef = C000A85C29B8A3CD00FDCC59 /* Localizable.strings */; };
		C008FC7229B5FA3D00F7C034 /* watchConnectivityManager.swift in Sources */ = {isa = PBXBuildFile; fileRef = C008FC7129B5FA3D00F7C034 /* watchConnectivityManager.swift */; };
		C008FC7329B5FA3D00F7C034 /* watchConnectivityManager.swift in Sources */ = {isa = PBXBuildFile; fileRef = C008FC7129B5FA3D00F7C034 /* watchConnectivityManager.swift */; };
		C00BDD6729A8C9BF009254A3 /* tripCard.swift in Sources */ = {isa = PBXBuildFile; fileRef = C00BDD6629A8C9BF009254A3 /* tripCard.swift */; };
		C00BDD6F29A8CA1D009254A3 /* WidgetKit.framework in Frameworks */ = {isa = PBXBuildFile; fileRef = C00BDD6E29A8CA1D009254A3 /* WidgetKit.framework */; };
		C00BDD7129A8CA1D009254A3 /* SwiftUI.framework in Frameworks */ = {isa = PBXBuildFile; fileRef = C00BDD7029A8CA1D009254A3 /* SwiftUI.framework */; };
		C00BDD7429A8CA1D009254A3 /* MyWidgetBundle.swift in Sources */ = {isa = PBXBuildFile; fileRef = C00BDD7329A8CA1D009254A3 /* MyWidgetBundle.swift */; };
		C00BDD7629A8CA1D009254A3 /* MyWidget.swift in Sources */ = {isa = PBXBuildFile; fileRef = C00BDD7529A8CA1D009254A3 /* MyWidget.swift */; };
		C00BDD7C29A8CA1E009254A3 /* MyWidgetExtension.appex in Embed Foundation Extensions */ = {isa = PBXBuildFile; fileRef = C00BDD6C29A8CA1D009254A3 /* MyWidgetExtension.appex */; settings = {ATTRIBUTES = (RemoveHeadersOnCopy, ); }; };
		C00BDD8829A8CBAF009254A3 /* SmallWidgetView.swift in Sources */ = {isa = PBXBuildFile; fileRef = C00BDD8229A8CAAB009254A3 /* SmallWidgetView.swift */; };
		C00BDD8929A8CBB2009254A3 /* MediumWidgetView.swift in Sources */ = {isa = PBXBuildFile; fileRef = C00BDD8429A8CAE3009254A3 /* MediumWidgetView.swift */; };
		C00BDD8B29A8CBC3009254A3 /* MyWidget.swift in Sources */ = {isa = PBXBuildFile; fileRef = C00BDD7529A8CA1D009254A3 /* MyWidget.swift */; };
		C00BDD8C29A8CBC6009254A3 /* MediumWidgetView.swift in Sources */ = {isa = PBXBuildFile; fileRef = C00BDD8429A8CAE3009254A3 /* MediumWidgetView.swift */; };
		C00BDD8D29A8CBC8009254A3 /* SmallWidgetView.swift in Sources */ = {isa = PBXBuildFile; fileRef = C00BDD8229A8CAAB009254A3 /* SmallWidgetView.swift */; };
		C0109E01299E43850075F6D1 /* tracks.swift in Sources */ = {isa = PBXBuildFile; fileRef = C0109E00299E43850075F6D1 /* tracks.swift */; };
		C0109E03299E43850075F6D1 /* ContentView.swift in Sources */ = {isa = PBXBuildFile; fileRef = C0109E02299E43850075F6D1 /* ContentView.swift */; };
		C0109E08299E43870075F6D1 /* Preview Assets.xcassets in Resources */ = {isa = PBXBuildFile; fileRef = C0109E07299E43870075F6D1 /* Preview Assets.xcassets */; };
		C01F723B29AD172F00522F3F /* Trip.swift in Sources */ = {isa = PBXBuildFile; fileRef = C01F723829AD172F00522F3F /* Trip.swift */; };
		C01F723C29AD172F00522F3F /* Trip.swift in Sources */ = {isa = PBXBuildFile; fileRef = C01F723829AD172F00522F3F /* Trip.swift */; };
		C01F723D29AD172F00522F3F /* Trip.swift in Sources */ = {isa = PBXBuildFile; fileRef = C01F723829AD172F00522F3F /* Trip.swift */; };
		C01F723E29AD172F00522F3F /* TrainStatus.swift in Sources */ = {isa = PBXBuildFile; fileRef = C01F723929AD172F00522F3F /* TrainStatus.swift */; };
		C01F723F29AD172F00522F3F /* TrainStatus.swift in Sources */ = {isa = PBXBuildFile; fileRef = C01F723929AD172F00522F3F /* TrainStatus.swift */; };
		C01F724029AD172F00522F3F /* TrainStatus.swift in Sources */ = {isa = PBXBuildFile; fileRef = C01F723929AD172F00522F3F /* TrainStatus.swift */; };
		C01F724129AD172F00522F3F /* Stop.swift in Sources */ = {isa = PBXBuildFile; fileRef = C01F723A29AD172F00522F3F /* Stop.swift */; };
		C01F724229AD172F00522F3F /* Stop.swift in Sources */ = {isa = PBXBuildFile; fileRef = C01F723A29AD172F00522F3F /* Stop.swift */; };
		C01F724329AD172F00522F3F /* Stop.swift in Sources */ = {isa = PBXBuildFile; fileRef = C01F723A29AD172F00522F3F /* Stop.swift */; };
		C02662E329AD10E30071F9FA /* apiController.swift in Sources */ = {isa = PBXBuildFile; fileRef = C09DF9E9299F74E3007EE4FD /* apiController.swift */; };
		C04CF00A29A8CCC800917586 /* apiController.swift in Sources */ = {isa = PBXBuildFile; fileRef = C09DF9E9299F74E3007EE4FD /* apiController.swift */; };
		C0577D4A29ADEDEA005619F4 /* Assets.xcassets in Resources */ = {isa = PBXBuildFile; fileRef = C01F724429AD174C00522F3F /* Assets.xcassets */; };
		C0577D4C29ADEE0D005619F4 /* Assets.xcassets in Resources */ = {isa = PBXBuildFile; fileRef = C0577D4B29ADEE0D005619F4 /* Assets.xcassets */; };
		C0577D4D29ADEE97005619F4 /* Assets.xcassets in Resources */ = {isa = PBXBuildFile; fileRef = C0109E04299E43870075F6D1 /* Assets.xcassets */; };
		C06A8D9829B5DB25008BE0C2 /* tripController.swift in Sources */ = {isa = PBXBuildFile; fileRef = 3B863D4729ADFB6700B606AE /* tripController.swift */; };
		C06A8D9929B5DBA6008BE0C2 /* SavedTrip.swift in Sources */ = {isa = PBXBuildFile; fileRef = 3B863D4929AE16D100B606AE /* SavedTrip.swift */; };
		C06A8D9A29B5DC8C008BE0C2 /* tripController.swift in Sources */ = {isa = PBXBuildFile; fileRef = 3B863D4729ADFB6700B606AE /* tripController.swift */; };
		C06A8D9B29B5DC90008BE0C2 /* SavedTrip.swift in Sources */ = {isa = PBXBuildFile; fileRef = 3B863D4929AE16D100B606AE /* SavedTrip.swift */; };
		C06A8D9D29B5DD5D008BE0C2 /* timeComponent.swift in Sources */ = {isa = PBXBuildFile; fileRef = C06A8D9C29B5DD5D008BE0C2 /* timeComponent.swift */; };
		C085DEBB29A4C14100DE5B28 /* searchTrip.swift in Sources */ = {isa = PBXBuildFile; fileRef = C085DEBA29A4C14100DE5B28 /* searchTrip.swift */; };
		C085DEC129A77A4400DE5B28 /* tripCard.swift in Sources */ = {isa = PBXBuildFile; fileRef = C085DEC029A77A4400DE5B28 /* tripCard.swift */; };
		C09DF9EA299F74E3007EE4FD /* apiController.swift in Sources */ = {isa = PBXBuildFile; fileRef = C09DF9E9299F74E3007EE4FD /* apiController.swift */; };
/* End PBXBuildFile section */

/* Begin PBXContainerItemProxy section */
		2A889BE329A8D6430077BE2B /* PBXContainerItemProxy */ = {
			isa = PBXContainerItemProxy;
			containerPortal = C0109DF5299E43850075F6D1 /* Project object */;
			proxyType = 1;
			remoteGlobalIDString = 2A889BD729A8D6420077BE2B;
			remoteInfo = "Tracks Watch App";
		};
		C00BDD7A29A8CA1E009254A3 /* PBXContainerItemProxy */ = {
			isa = PBXContainerItemProxy;
			containerPortal = C0109DF5299E43850075F6D1 /* Project object */;
			proxyType = 1;
			remoteGlobalIDString = C00BDD6B29A8CA1D009254A3;
			remoteInfo = MyWidgetExtension;
		};
/* End PBXContainerItemProxy section */

/* Begin PBXCopyFilesBuildPhase section */
		2A889BE929A8D6430077BE2B /* Embed Watch Content */ = {
			isa = PBXCopyFilesBuildPhase;
			buildActionMask = 2147483647;
			dstPath = "$(CONTENTS_FOLDER_PATH)/Watch";
			dstSubfolderSpec = 16;
			files = (
				2A889BE529A8D6430077BE2B /* Tracks Watch App.app in Embed Watch Content */,
			);
			name = "Embed Watch Content";
			runOnlyForDeploymentPostprocessing = 0;
		};
		C00BDD8029A8CA1E009254A3 /* Embed Foundation Extensions */ = {
			isa = PBXCopyFilesBuildPhase;
			buildActionMask = 2147483647;
			dstPath = "";
			dstSubfolderSpec = 13;
			files = (
				C00BDD7C29A8CA1E009254A3 /* MyWidgetExtension.appex in Embed Foundation Extensions */,
			);
			name = "Embed Foundation Extensions";
			runOnlyForDeploymentPostprocessing = 0;
		};
/* End PBXCopyFilesBuildPhase section */

/* Begin PBXFileReference section */
		2A889BD829A8D6420077BE2B /* Tracks Watch App.app */ = {isa = PBXFileReference; explicitFileType = wrapper.application; includeInIndex = 0; path = "Tracks Watch App.app"; sourceTree = BUILT_PRODUCTS_DIR; };
		2A889BDA29A8D6420077BE2B /* TracksApp.swift */ = {isa = PBXFileReference; lastKnownFileType = sourcecode.swift; path = TracksApp.swift; sourceTree = "<group>"; };
		2A889BDC29A8D6420077BE2B /* SelectedRouteView.swift */ = {isa = PBXFileReference; lastKnownFileType = sourcecode.swift; path = SelectedRouteView.swift; sourceTree = "<group>"; };
		2A889BE129A8D6430077BE2B /* Preview Assets.xcassets */ = {isa = PBXFileReference; lastKnownFileType = folder.assetcatalog; path = "Preview Assets.xcassets"; sourceTree = "<group>"; };
		2AD4386B29ACAC6E000B19CD /* RoutesView.swift */ = {isa = PBXFileReference; lastKnownFileType = sourcecode.swift; path = RoutesView.swift; sourceTree = "<group>"; };
		2ADA500C29ADFB7F000DB962 /* ButtonView.swift */ = {isa = PBXFileReference; lastKnownFileType = sourcecode.swift; path = ButtonView.swift; sourceTree = "<group>"; };
		3B863D3729A60FAB00B606AE /* View+Shape.swift */ = {isa = PBXFileReference; lastKnownFileType = sourcecode.swift; path = "View+Shape.swift"; sourceTree = "<group>"; };
		3B863D3929A6370800B606AE /* tripCardEmpty.swift */ = {isa = PBXFileReference; lastKnownFileType = sourcecode.swift; path = tripCardEmpty.swift; sourceTree = "<group>"; };
		3B863D3B29A7698D00B606AE /* tripEditSheetView.swift */ = {isa = PBXFileReference; lastKnownFileType = sourcecode.swift; path = tripEditSheetView.swift; sourceTree = "<group>"; };
		3B863D4129A8D03E00B606AE /* iconSelector.swift */ = {isa = PBXFileReference; lastKnownFileType = sourcecode.swift; path = iconSelector.swift; sourceTree = "<group>"; };
		3B863D4729ADFB6700B606AE /* tripController.swift */ = {isa = PBXFileReference; lastKnownFileType = sourcecode.swift; path = tripController.swift; sourceTree = "<group>"; };
		3B863D4929AE16D100B606AE /* SavedTrip.swift */ = {isa = PBXFileReference; lastKnownFileType = sourcecode.swift; path = SavedTrip.swift; sourceTree = "<group>"; };
		3B863D4B29AE19F700B606AE /* Station.swift */ = {isa = PBXFileReference; lastKnownFileType = sourcecode.swift; path = Station.swift; sourceTree = "<group>"; };
		3B863D4F29AF449700B606AE /* onBoarding.swift */ = {isa = PBXFileReference; lastKnownFileType = sourcecode.swift; path = onBoarding.swift; sourceTree = "<group>"; };
		3B8936B829B20A5100591672 /* firstView.swift */ = {isa = PBXFileReference; lastKnownFileType = sourcecode.swift; path = firstView.swift; sourceTree = "<group>"; };
		3B8936BA29B2157A00591672 /* secondView.swift */ = {isa = PBXFileReference; lastKnownFileType = sourcecode.swift; path = secondView.swift; sourceTree = "<group>"; };
		3B8936BC29B728A000591672 /* thirdView.swift */ = {isa = PBXFileReference; lastKnownFileType = sourcecode.swift; path = thirdView.swift; sourceTree = "<group>"; };
		C000A84029B8928B00FDCC59 /* CardWidgetView.swift */ = {isa = PBXFileReference; lastKnownFileType = sourcecode.swift; path = CardWidgetView.swift; sourceTree = "<group>"; };
		C000A84729B8939E00FDCC59 /* RoutesWidgetView.swift */ = {isa = PBXFileReference; lastKnownFileType = sourcecode.swift; path = RoutesWidgetView.swift; sourceTree = "<group>"; };
		C000A84A29B893B000FDCC59 /* RoutesMediumWidgetView.swift */ = {isa = PBXFileReference; lastKnownFileType = sourcecode.swift; path = RoutesMediumWidgetView.swift; sourceTree = "<group>"; };
		C000A85029B894DA00FDCC59 /* CardWidgetSmallView.swift */ = {isa = PBXFileReference; lastKnownFileType = sourcecode.swift; path = CardWidgetSmallView.swift; sourceTree = "<group>"; };
		C000A85B29B8A3CD00FDCC59 /* en */ = {isa = PBXFileReference; lastKnownFileType = text.plist.strings; name = en; path = en.lproj/Localizable.strings; sourceTree = "<group>"; };
		C000A85D29B8A3E200FDCC59 /* fr */ = {isa = PBXFileReference; lastKnownFileType = text.plist.strings; name = fr; path = fr.lproj/Localizable.strings; sourceTree = "<group>"; };
		C000A85E29B8A3E400FDCC59 /* it */ = {isa = PBXFileReference; lastKnownFileType = text.plist.strings; name = it; path = it.lproj/Localizable.strings; sourceTree = "<group>"; };
		C008FC7129B5FA3D00F7C034 /* watchConnectivityManager.swift */ = {isa = PBXFileReference; lastKnownFileType = sourcecode.swift; path = watchConnectivityManager.swift; sourceTree = "<group>"; };
		C00BDD6629A8C9BF009254A3 /* tripCard.swift */ = {isa = PBXFileReference; lastKnownFileType = sourcecode.swift; name = tripCard.swift; path = ../../tripCard.swift; sourceTree = "<group>"; };
		C00BDD6C29A8CA1D009254A3 /* MyWidgetExtension.appex */ = {isa = PBXFileReference; explicitFileType = "wrapper.app-extension"; includeInIndex = 0; path = MyWidgetExtension.appex; sourceTree = BUILT_PRODUCTS_DIR; };
		C00BDD6E29A8CA1D009254A3 /* WidgetKit.framework */ = {isa = PBXFileReference; lastKnownFileType = wrapper.framework; name = WidgetKit.framework; path = System/Library/Frameworks/WidgetKit.framework; sourceTree = SDKROOT; };
		C00BDD7029A8CA1D009254A3 /* SwiftUI.framework */ = {isa = PBXFileReference; lastKnownFileType = wrapper.framework; name = SwiftUI.framework; path = System/Library/Frameworks/SwiftUI.framework; sourceTree = SDKROOT; };
		C00BDD7329A8CA1D009254A3 /* MyWidgetBundle.swift */ = {isa = PBXFileReference; lastKnownFileType = sourcecode.swift; path = MyWidgetBundle.swift; sourceTree = "<group>"; };
		C00BDD7529A8CA1D009254A3 /* MyWidget.swift */ = {isa = PBXFileReference; lastKnownFileType = sourcecode.swift; path = MyWidget.swift; sourceTree = "<group>"; };
		C00BDD7929A8CA1E009254A3 /* Info.plist */ = {isa = PBXFileReference; lastKnownFileType = text.plist.xml; path = Info.plist; sourceTree = "<group>"; };
		C00BDD8229A8CAAB009254A3 /* SmallWidgetView.swift */ = {isa = PBXFileReference; lastKnownFileType = sourcecode.swift; path = SmallWidgetView.swift; sourceTree = "<group>"; };
		C00BDD8429A8CAE3009254A3 /* MediumWidgetView.swift */ = {isa = PBXFileReference; lastKnownFileType = sourcecode.swift; path = MediumWidgetView.swift; sourceTree = "<group>"; };
		C0109DFD299E43850075F6D1 /* tracks.app */ = {isa = PBXFileReference; explicitFileType = wrapper.application; includeInIndex = 0; path = tracks.app; sourceTree = BUILT_PRODUCTS_DIR; };
		C0109E00299E43850075F6D1 /* tracks.swift */ = {isa = PBXFileReference; lastKnownFileType = sourcecode.swift; path = tracks.swift; sourceTree = "<group>"; };
		C0109E02299E43850075F6D1 /* ContentView.swift */ = {isa = PBXFileReference; lastKnownFileType = sourcecode.swift; path = ContentView.swift; sourceTree = "<group>"; };
		C0109E04299E43870075F6D1 /* Assets.xcassets */ = {isa = PBXFileReference; lastKnownFileType = folder.assetcatalog; path = Assets.xcassets; sourceTree = "<group>"; };
		C0109E07299E43870075F6D1 /* Preview Assets.xcassets */ = {isa = PBXFileReference; lastKnownFileType = folder.assetcatalog; path = "Preview Assets.xcassets"; sourceTree = "<group>"; };
		C016013C29A3896E006CE923 /* Info.plist */ = {isa = PBXFileReference; lastKnownFileType = text.plist; path = Info.plist; sourceTree = "<group>"; };
		C01F723829AD172F00522F3F /* Trip.swift */ = {isa = PBXFileReference; fileEncoding = 4; lastKnownFileType = sourcecode.swift; path = Trip.swift; sourceTree = "<group>"; };
		C01F723929AD172F00522F3F /* TrainStatus.swift */ = {isa = PBXFileReference; fileEncoding = 4; lastKnownFileType = sourcecode.swift; path = TrainStatus.swift; sourceTree = "<group>"; };
		C01F723A29AD172F00522F3F /* Stop.swift */ = {isa = PBXFileReference; fileEncoding = 4; lastKnownFileType = sourcecode.swift; path = Stop.swift; sourceTree = "<group>"; };
		C01F724429AD174C00522F3F /* Assets.xcassets */ = {isa = PBXFileReference; lastKnownFileType = folder.assetcatalog; name = Assets.xcassets; path = "Tracks Watch App/Assets.xcassets"; sourceTree = SOURCE_ROOT; };
		C0577D4B29ADEE0D005619F4 /* Assets.xcassets */ = {isa = PBXFileReference; lastKnownFileType = folder.assetcatalog; name = Assets.xcassets; path = tracks/Assets.xcassets; sourceTree = SOURCE_ROOT; };
		C06A8D9C29B5DD5D008BE0C2 /* timeComponent.swift */ = {isa = PBXFileReference; lastKnownFileType = sourcecode.swift; path = timeComponent.swift; sourceTree = "<group>"; };
		C085DEBA29A4C14100DE5B28 /* searchTrip.swift */ = {isa = PBXFileReference; lastKnownFileType = sourcecode.swift; path = searchTrip.swift; sourceTree = "<group>"; };
		C085DEC029A77A4400DE5B28 /* tripCard.swift */ = {isa = PBXFileReference; lastKnownFileType = sourcecode.swift; path = tripCard.swift; sourceTree = "<group>"; };
		C09DF9E9299F74E3007EE4FD /* apiController.swift */ = {isa = PBXFileReference; lastKnownFileType = sourcecode.swift; path = apiController.swift; sourceTree = "<group>"; };
/* End PBXFileReference section */

/* Begin PBXFrameworksBuildPhase section */
		2A889BD529A8D6420077BE2B /* Frameworks */ = {
			isa = PBXFrameworksBuildPhase;
			buildActionMask = 2147483647;
			files = (
			);
			runOnlyForDeploymentPostprocessing = 0;
		};
		C00BDD6929A8CA1D009254A3 /* Frameworks */ = {
			isa = PBXFrameworksBuildPhase;
			buildActionMask = 2147483647;
			files = (
				C00BDD7129A8CA1D009254A3 /* SwiftUI.framework in Frameworks */,
				C00BDD6F29A8CA1D009254A3 /* WidgetKit.framework in Frameworks */,
			);
			runOnlyForDeploymentPostprocessing = 0;
		};
		C0109DFA299E43850075F6D1 /* Frameworks */ = {
			isa = PBXFrameworksBuildPhase;
			buildActionMask = 2147483647;
			files = (
			);
			runOnlyForDeploymentPostprocessing = 0;
		};
/* End PBXFrameworksBuildPhase section */

/* Begin PBXGroup section */
		2A889BD929A8D6420077BE2B /* Tracks Watch App */ = {
			isa = PBXGroup;
			children = (
				C01F724429AD174C00522F3F /* Assets.xcassets */,
				2A889BDA29A8D6420077BE2B /* TracksApp.swift */,
				2A889BDC29A8D6420077BE2B /* SelectedRouteView.swift */,
				2AD4386B29ACAC6E000B19CD /* RoutesView.swift */,
				2ADA500C29ADFB7F000DB962 /* ButtonView.swift */,
				C06A8D9C29B5DD5D008BE0C2 /* timeComponent.swift */,
				2A889BE029A8D6430077BE2B /* Preview Content */,
			);
			path = "Tracks Watch App";
			sourceTree = "<group>";
		};
		2A889BE029A8D6430077BE2B /* Preview Content */ = {
			isa = PBXGroup;
			children = (
				2A889BE129A8D6430077BE2B /* Preview Assets.xcassets */,
			);
			path = "Preview Content";
			sourceTree = "<group>";
		};
		3B863D3629A60F9200B606AE /* utils */ = {
			isa = PBXGroup;
			children = (
				3B863D3729A60FAB00B606AE /* View+Shape.swift */,
			);
			path = utils;
			sourceTree = "<group>";
		};
		C000A84F29B8946F00FDCC59 /* SubViews */ = {
			isa = PBXGroup;
			children = (
				C000A84729B8939E00FDCC59 /* RoutesWidgetView.swift */,
				C000A85029B894DA00FDCC59 /* CardWidgetSmallView.swift */,
				C000A84A29B893B000FDCC59 /* RoutesMediumWidgetView.swift */,
				C000A84029B8928B00FDCC59 /* CardWidgetView.swift */,
			);
			path = SubViews;
			sourceTree = "<group>";
		};
		C00BDD6529A8C975009254A3 /* Recovered References */ = {
			isa = PBXGroup;
			children = (
				C085DEC029A77A4400DE5B28 /* tripCard.swift */,
			);
			name = "Recovered References";
			sourceTree = "<group>";
		};
		C00BDD6D29A8CA1D009254A3 /* Frameworks */ = {
			isa = PBXGroup;
			children = (
				C00BDD6E29A8CA1D009254A3 /* WidgetKit.framework */,
				C00BDD7029A8CA1D009254A3 /* SwiftUI.framework */,
			);
			name = Frameworks;
			sourceTree = "<group>";
		};
		C00BDD7229A8CA1D009254A3 /* MyWidget */ = {
			isa = PBXGroup;
			children = (
				C0577D4B29ADEE0D005619F4 /* Assets.xcassets */,
				C00BDD8129A8CA9D009254A3 /* Views */,
				C00BDD7329A8CA1D009254A3 /* MyWidgetBundle.swift */,
				C00BDD7529A8CA1D009254A3 /* MyWidget.swift */,
				C00BDD7929A8CA1E009254A3 /* Info.plist */,
			);
			path = MyWidget;
			sourceTree = "<group>";
		};
		C00BDD8129A8CA9D009254A3 /* Views */ = {
			isa = PBXGroup;
			children = (
				C00BDD8229A8CAAB009254A3 /* SmallWidgetView.swift */,
				C00BDD8429A8CAE3009254A3 /* MediumWidgetView.swift */,
				C000A84F29B8946F00FDCC59 /* SubViews */,
			);
			path = Views;
			sourceTree = "<group>";
		};
		C0109DF4299E43850075F6D1 = {
			isa = PBXGroup;
			children = (
				C000A85C29B8A3CD00FDCC59 /* Localizable.strings */,
				C008FC7129B5FA3D00F7C034 /* watchConnectivityManager.swift */,
				C0109DFF299E43850075F6D1 /* tracks */,
				C00BDD7229A8CA1D009254A3 /* MyWidget */,
				2A889BD929A8D6420077BE2B /* Tracks Watch App */,
				C00BDD6D29A8CA1D009254A3 /* Frameworks */,
				C0109DFE299E43850075F6D1 /* Products */,
				C00BDD6529A8C975009254A3 /* Recovered References */,
			);
			sourceTree = "<group>";
		};
		C0109DFE299E43850075F6D1 /* Products */ = {
			isa = PBXGroup;
			children = (
				C0109DFD299E43850075F6D1 /* tracks.app */,
				C00BDD6C29A8CA1D009254A3 /* MyWidgetExtension.appex */,
				2A889BD829A8D6420077BE2B /* Tracks Watch App.app */,
			);
			name = Products;
			sourceTree = "<group>";
		};
		C0109DFF299E43850075F6D1 /* tracks */ = {
			isa = PBXGroup;
			children = (
				C0109E04299E43870075F6D1 /* Assets.xcassets */,
				C01F723729AD172F00522F3F /* model */,
				3B863D3629A60F9200B606AE /* utils */,
				C016013C29A3896E006CE923 /* Info.plist */,
				C0109E00299E43850075F6D1 /* tracks.swift */,
				C0109E10299E46690075F6D1 /* viewmodel */,
				C0109E0E299E46510075F6D1 /* view */,
				C0109E06299E43870075F6D1 /* Preview Content */,
			);
			path = tracks;
			sourceTree = "<group>";
		};
		C0109E06299E43870075F6D1 /* Preview Content */ = {
			isa = PBXGroup;
			children = (
				C0109E07299E43870075F6D1 /* Preview Assets.xcassets */,
			);
			path = "Preview Content";
			sourceTree = "<group>";
		};
		C0109E0E299E46510075F6D1 /* view */ = {
			isa = PBXGroup;
			children = (
				C00BDD6629A8C9BF009254A3 /* tripCard.swift */,
				C085DEBA29A4C14100DE5B28 /* searchTrip.swift */,
				C0109E02299E43850075F6D1 /* ContentView.swift */,
				3B863D3929A6370800B606AE /* tripCardEmpty.swift */,
				3B863D3B29A7698D00B606AE /* tripEditSheetView.swift */,
				3B863D4129A8D03E00B606AE /* iconSelector.swift */,
				3B863D4F29AF449700B606AE /* onBoarding.swift */,
				3B8936B829B20A5100591672 /* firstView.swift */,
				3B8936BA29B2157A00591672 /* secondView.swift */,
				3B8936BC29B728A000591672 /* thirdView.swift */,
			);
			path = view;
			sourceTree = "<group>";
		};
		C0109E10299E46690075F6D1 /* viewmodel */ = {
			isa = PBXGroup;
			children = (
				C09DF9E9299F74E3007EE4FD /* apiController.swift */,
				3B863D4729ADFB6700B606AE /* tripController.swift */,
			);
			path = viewmodel;
			sourceTree = "<group>";
		};
		C01F723729AD172F00522F3F /* model */ = {
			isa = PBXGroup;
			children = (
				C01F723829AD172F00522F3F /* Trip.swift */,
				C01F723929AD172F00522F3F /* TrainStatus.swift */,
				C01F723A29AD172F00522F3F /* Stop.swift */,
				3B863D4929AE16D100B606AE /* SavedTrip.swift */,
				3B863D4B29AE19F700B606AE /* Station.swift */,
			);
			path = model;
			sourceTree = "<group>";
		};
/* End PBXGroup section */

/* Begin PBXNativeTarget section */
		2A889BD729A8D6420077BE2B /* Tracks Watch App */ = {
			isa = PBXNativeTarget;
			buildConfigurationList = 2A889BE629A8D6430077BE2B /* Build configuration list for PBXNativeTarget "Tracks Watch App" */;
			buildPhases = (
				2A889BD429A8D6420077BE2B /* Sources */,
				2A889BD529A8D6420077BE2B /* Frameworks */,
				2A889BD629A8D6420077BE2B /* Resources */,
			);
			buildRules = (
			);
			dependencies = (
			);
			name = "Tracks Watch App";
			productName = "Tracks Watch App";
			productReference = 2A889BD829A8D6420077BE2B /* Tracks Watch App.app */;
			productType = "com.apple.product-type.application";
		};
		C00BDD6B29A8CA1D009254A3 /* MyWidgetExtension */ = {
			isa = PBXNativeTarget;
			buildConfigurationList = C00BDD7D29A8CA1E009254A3 /* Build configuration list for PBXNativeTarget "MyWidgetExtension" */;
			buildPhases = (
				C00BDD6829A8CA1D009254A3 /* Sources */,
				C00BDD6929A8CA1D009254A3 /* Frameworks */,
				C00BDD6A29A8CA1D009254A3 /* Resources */,
			);
			buildRules = (
			);
			dependencies = (
			);
			name = MyWidgetExtension;
			productName = MyWidgetExtension;
			productReference = C00BDD6C29A8CA1D009254A3 /* MyWidgetExtension.appex */;
			productType = "com.apple.product-type.app-extension";
		};
		C0109DFC299E43850075F6D1 /* tracks */ = {
			isa = PBXNativeTarget;
			buildConfigurationList = C0109E0B299E43870075F6D1 /* Build configuration list for PBXNativeTarget "tracks" */;
			buildPhases = (
				C0109DF9299E43850075F6D1 /* Sources */,
				C0109DFA299E43850075F6D1 /* Frameworks */,
				C0109DFB299E43850075F6D1 /* Resources */,
				C00BDD8029A8CA1E009254A3 /* Embed Foundation Extensions */,
				2A889BE929A8D6430077BE2B /* Embed Watch Content */,
			);
			buildRules = (
			);
			dependencies = (
				C00BDD7B29A8CA1E009254A3 /* PBXTargetDependency */,
				2A889BE429A8D6430077BE2B /* PBXTargetDependency */,
			);
			name = tracks;
			productName = mc3;
			productReference = C0109DFD299E43850075F6D1 /* tracks.app */;
			productType = "com.apple.product-type.application";
		};
/* End PBXNativeTarget section */

/* Begin PBXProject section */
		C0109DF5299E43850075F6D1 /* Project object */ = {
			isa = PBXProject;
			attributes = {
				BuildIndependentTargetsInParallel = 1;
				LastSwiftUpdateCheck = 1420;
				LastUpgradeCheck = 1420;
				TargetAttributes = {
					2A889BD729A8D6420077BE2B = {
						CreatedOnToolsVersion = 14.2;
					};
					C00BDD6B29A8CA1D009254A3 = {
						CreatedOnToolsVersion = 14.2;
					};
					C0109DFC299E43850075F6D1 = {
						CreatedOnToolsVersion = 14.2;
					};
				};
			};
			buildConfigurationList = C0109DF8299E43850075F6D1 /* Build configuration list for PBXProject "tracks" */;
			compatibilityVersion = "Xcode 14.0";
			developmentRegion = en;
			hasScannedForEncodings = 0;
			knownRegions = (
				en,
				Base,
				fr,
				it,
			);
			mainGroup = C0109DF4299E43850075F6D1;
			productRefGroup = C0109DFE299E43850075F6D1 /* Products */;
			projectDirPath = "";
			projectRoot = "";
			targets = (
				C0109DFC299E43850075F6D1 /* tracks */,
				C00BDD6B29A8CA1D009254A3 /* MyWidgetExtension */,
				2A889BD729A8D6420077BE2B /* Tracks Watch App */,
			);
		};
/* End PBXProject section */

/* Begin PBXResourcesBuildPhase section */
		2A889BD629A8D6420077BE2B /* Resources */ = {
			isa = PBXResourcesBuildPhase;
			buildActionMask = 2147483647;
			files = (
				C0577D4A29ADEDEA005619F4 /* Assets.xcassets in Resources */,
				C000A85A29B8A3CD00FDCC59 /* Localizable.strings in Resources */,
				2A889BE229A8D6430077BE2B /* Preview Assets.xcassets in Resources */,
			);
			runOnlyForDeploymentPostprocessing = 0;
		};
		C00BDD6A29A8CA1D009254A3 /* Resources */ = {
			isa = PBXResourcesBuildPhase;
			buildActionMask = 2147483647;
			files = (
				C0577D4C29ADEE0D005619F4 /* Assets.xcassets in Resources */,
				C000A85929B8A3CD00FDCC59 /* Localizable.strings in Resources */,
			);
			runOnlyForDeploymentPostprocessing = 0;
		};
		C0109DFB299E43850075F6D1 /* Resources */ = {
			isa = PBXResourcesBuildPhase;
			buildActionMask = 2147483647;
			files = (
				C0577D4D29ADEE97005619F4 /* Assets.xcassets in Resources */,
				C000A85829B8A3CD00FDCC59 /* Localizable.strings in Resources */,
				C0109E08299E43870075F6D1 /* Preview Assets.xcassets in Resources */,
			);
			runOnlyForDeploymentPostprocessing = 0;
		};
/* End PBXResourcesBuildPhase section */

/* Begin PBXSourcesBuildPhase section */
		2A889BD429A8D6420077BE2B /* Sources */ = {
			isa = PBXSourcesBuildPhase;
			buildActionMask = 2147483647;
			files = (
				C06A8D9D29B5DD5D008BE0C2 /* timeComponent.swift in Sources */,
				2ADA500B29ADFAD1000DB962 /* RoutesView.swift in Sources */,
				3B863D4E29AE19F700B606AE /* Station.swift in Sources */,
				C01F723D29AD172F00522F3F /* Trip.swift in Sources */,
				2ADA500D29ADFB7F000DB962 /* ButtonView.swift in Sources */,
				C000A85329B8965E00FDCC59 /* RoutesMediumWidgetView.swift in Sources */,
				2A889BDD29A8D6420077BE2B /* SelectedRouteView.swift in Sources */,
				2A889BDB29A8D6420077BE2B /* TracksApp.swift in Sources */,
				C01F724029AD172F00522F3F /* TrainStatus.swift in Sources */,
				C02662E329AD10E30071F9FA /* apiController.swift in Sources */,
				C06A8D9829B5DB25008BE0C2 /* tripController.swift in Sources */,
				C06A8D9929B5DBA6008BE0C2 /* SavedTrip.swift in Sources */,
				C008FC7329B5FA3D00F7C034 /* watchConnectivityManager.swift in Sources */,
				C01F724329AD172F00522F3F /* Stop.swift in Sources */,
			);
			runOnlyForDeploymentPostprocessing = 0;
		};
		C00BDD6829A8CA1D009254A3 /* Sources */ = {
			isa = PBXSourcesBuildPhase;
			buildActionMask = 2147483647;
			files = (
				C06A8D9B29B5DC90008BE0C2 /* SavedTrip.swift in Sources */,
				C00BDD7429A8CA1D009254A3 /* MyWidgetBundle.swift in Sources */,
				2AD4386D29ACAC6E000B19CD /* RoutesView.swift in Sources */,
				2ADA500E29ADFBFA000DB962 /* ButtonView.swift in Sources */,
				C01F724229AD172F00522F3F /* Stop.swift in Sources */,
				C00BDD7629A8CA1D009254A3 /* MyWidget.swift in Sources */,
				C00BDD8829A8CBAF009254A3 /* SmallWidgetView.swift in Sources */,
				C04CF00A29A8CCC800917586 /* apiController.swift in Sources */,
				C000A84929B8939E00FDCC59 /* RoutesWidgetView.swift in Sources */,
				C000A84C29B893B000FDCC59 /* RoutesMediumWidgetView.swift in Sources */,
				C000A85229B894DA00FDCC59 /* CardWidgetSmallView.swift in Sources */,
				C01F723C29AD172F00522F3F /* Trip.swift in Sources */,
				C01F723F29AD172F00522F3F /* TrainStatus.swift in Sources */,
				C06A8D9A29B5DC8C008BE0C2 /* tripController.swift in Sources */,
				3B863D4D29AE19F700B606AE /* Station.swift in Sources */,
				C000A84229B8928B00FDCC59 /* CardWidgetView.swift in Sources */,
				C00BDD8929A8CBB2009254A3 /* MediumWidgetView.swift in Sources */,
			);
			runOnlyForDeploymentPostprocessing = 0;
		};
		C0109DF9299E43850075F6D1 /* Sources */ = {
			isa = PBXSourcesBuildPhase;
			buildActionMask = 2147483647;
			files = (
				C01F723E29AD172F00522F3F /* TrainStatus.swift in Sources */,
				C00BDD8C29A8CBC6009254A3 /* MediumWidgetView.swift in Sources */,
				3B863D4A29AE16D100B606AE /* SavedTrip.swift in Sources */,
				C085DEBB29A4C14100DE5B28 /* searchTrip.swift in Sources */,
				3B863D4829ADFB6700B606AE /* tripController.swift in Sources */,
				C085DEC129A77A4400DE5B28 /* tripCard.swift in Sources */,
				C008FC7229B5FA3D00F7C034 /* watchConnectivityManager.swift in Sources */,
				C00BDD6729A8C9BF009254A3 /* tripCard.swift in Sources */,
				C000A84429B8934200FDCC59 /* ButtonView.swift in Sources */,
				C000A84329B8933800FDCC59 /* RoutesView.swift in Sources */,
				3B8936BD29B728A000591672 /* thirdView.swift in Sources */,
				C01F723B29AD172F00522F3F /* Trip.swift in Sources */,
				C00BDD8D29A8CBC8009254A3 /* SmallWidgetView.swift in Sources */,
				C0109E03299E43850075F6D1 /* ContentView.swift in Sources */,
				C000A84B29B893B000FDCC59 /* RoutesMediumWidgetView.swift in Sources */,
				3B8936BB29B2157A00591672 /* secondView.swift in Sources */,
				C000A85129B894DA00FDCC59 /* CardWidgetSmallView.swift in Sources */,
				C000A84129B8928B00FDCC59 /* CardWidgetView.swift in Sources */,
				3B863D4C29AE19F700B606AE /* Station.swift in Sources */,
				3B863D4229A8D03E00B606AE /* iconSelector.swift in Sources */,
				C000A84829B8939E00FDCC59 /* RoutesWidgetView.swift in Sources */,
				C09DF9EA299F74E3007EE4FD /* apiController.swift in Sources */,
				3B8936B929B20A5100591672 /* firstView.swift in Sources */,
				C01F724129AD172F00522F3F /* Stop.swift in Sources */,
				3B863D5029AF449700B606AE /* onBoarding.swift in Sources */,
				C0109E01299E43850075F6D1 /* tracks.swift in Sources */,
				3B863D3C29A7698D00B606AE /* tripEditSheetView.swift in Sources */,
				3B863D3A29A6370800B606AE /* tripCardEmpty.swift in Sources */,
				3B863D3829A60FAB00B606AE /* View+Shape.swift in Sources */,
				C00BDD8B29A8CBC3009254A3 /* MyWidget.swift in Sources */,
			);
			runOnlyForDeploymentPostprocessing = 0;
		};
/* End PBXSourcesBuildPhase section */

/* Begin PBXTargetDependency section */
		2A889BE429A8D6430077BE2B /* PBXTargetDependency */ = {
			isa = PBXTargetDependency;
			target = 2A889BD729A8D6420077BE2B /* Tracks Watch App */;
			targetProxy = 2A889BE329A8D6430077BE2B /* PBXContainerItemProxy */;
		};
		C00BDD7B29A8CA1E009254A3 /* PBXTargetDependency */ = {
			isa = PBXTargetDependency;
			target = C00BDD6B29A8CA1D009254A3 /* MyWidgetExtension */;
			targetProxy = C00BDD7A29A8CA1E009254A3 /* PBXContainerItemProxy */;
		};
/* End PBXTargetDependency section */

/* Begin PBXVariantGroup section */
		C000A85C29B8A3CD00FDCC59 /* Localizable.strings */ = {
			isa = PBXVariantGroup;
			children = (
				C000A85B29B8A3CD00FDCC59 /* en */,
				C000A85D29B8A3E200FDCC59 /* fr */,
				C000A85E29B8A3E400FDCC59 /* it */,
			);
			name = Localizable.strings;
			sourceTree = "<group>";
		};
/* End PBXVariantGroup section */

/* Begin XCBuildConfiguration section */
		2A889BE729A8D6430077BE2B /* Debug */ = {
			isa = XCBuildConfiguration;
			buildSettings = {
				ASSETCATALOG_COMPILER_APPICON_NAME = AppIcon;
				ASSETCATALOG_COMPILER_GLOBAL_ACCENT_COLOR_NAME = AccentColor;
				ASSETCATALOG_COMPILER_INCLUDE_ALL_APPICON_ASSETS = YES;
				CLANG_OPTIMIZATION_PROFILE_FILE = "/Users/avinaccia/Documents/mc3/OptimizationProfiles/$(PROJECT_NAME).profdata";
				CODE_SIGN_STYLE = Automatic;
				CURRENT_PROJECT_VERSION = 1;
				DEVELOPMENT_ASSET_PATHS = "";
				DEVELOPMENT_TEAM = 7272LWF3H8;
				ENABLE_PREVIEWS = YES;
				GENERATE_INFOPLIST_FILE = YES;
				INFOPLIST_KEY_CFBundleDisplayName = Tracks;
				INFOPLIST_KEY_UISupportedInterfaceOrientations = "UIInterfaceOrientationPortrait UIInterfaceOrientationPortraitUpsideDown";
				INFOPLIST_KEY_WKCompanionAppBundleIdentifier = self.tracks;
				LD_RUNPATH_SEARCH_PATHS = (
					"$(inherited)",
					"@executable_path/Frameworks",
				);
				MARKETING_VERSION = 1.0;
				PRODUCT_BUNDLE_IDENTIFIER = self.tracks.watchkitapp;
				PRODUCT_NAME = "$(TARGET_NAME)";
				SDKROOT = watchos;
				SKIP_INSTALL = YES;
				SWIFT_EMIT_LOC_STRINGS = YES;
				SWIFT_VERSION = 5.0;
				TARGETED_DEVICE_FAMILY = 4;
				WATCHOS_DEPLOYMENT_TARGET = 9.1;
			};
			name = Debug;
		};
		2A889BE829A8D6430077BE2B /* Release */ = {
			isa = XCBuildConfiguration;
			buildSettings = {
				ASSETCATALOG_COMPILER_APPICON_NAME = AppIcon;
				ASSETCATALOG_COMPILER_GLOBAL_ACCENT_COLOR_NAME = AccentColor;
				ASSETCATALOG_COMPILER_INCLUDE_ALL_APPICON_ASSETS = YES;
				CLANG_OPTIMIZATION_PROFILE_FILE = "/Users/avinaccia/Documents/mc3/OptimizationProfiles/$(PROJECT_NAME).profdata";
				CODE_SIGN_STYLE = Automatic;
				CURRENT_PROJECT_VERSION = 1;
				DEVELOPMENT_ASSET_PATHS = "";
				DEVELOPMENT_TEAM = 7272LWF3H8;
				ENABLE_PREVIEWS = YES;
				GENERATE_INFOPLIST_FILE = YES;
				INFOPLIST_KEY_CFBundleDisplayName = Tracks;
				INFOPLIST_KEY_UISupportedInterfaceOrientations = "UIInterfaceOrientationPortrait UIInterfaceOrientationPortraitUpsideDown";
				INFOPLIST_KEY_WKCompanionAppBundleIdentifier = self.tracks;
				LD_RUNPATH_SEARCH_PATHS = (
					"$(inherited)",
					"@executable_path/Frameworks",
				);
				MARKETING_VERSION = 1.0;
				PRODUCT_BUNDLE_IDENTIFIER = self.tracks.watchkitapp;
				PRODUCT_NAME = "$(TARGET_NAME)";
				SDKROOT = watchos;
				SKIP_INSTALL = YES;
				SWIFT_EMIT_LOC_STRINGS = YES;
				SWIFT_VERSION = 5.0;
				TARGETED_DEVICE_FAMILY = 4;
				WATCHOS_DEPLOYMENT_TARGET = 9.1;
			};
			name = Release;
		};
		C00BDD7E29A8CA1E009254A3 /* Debug */ = {
			isa = XCBuildConfiguration;
			buildSettings = {
				ASSETCATALOG_COMPILER_GLOBAL_ACCENT_COLOR_NAME = AccentColor;
				ASSETCATALOG_COMPILER_WIDGET_BACKGROUND_COLOR_NAME = WidgetBackground;
				CLANG_OPTIMIZATION_PROFILE_FILE = "/Users/avinaccia/Documents/mc3/OptimizationProfiles/$(PROJECT_NAME).profdata";
				CODE_SIGN_STYLE = Automatic;
				CURRENT_PROJECT_VERSION = 1;
				DEVELOPMENT_TEAM = 7272LWF3H8;
				GENERATE_INFOPLIST_FILE = YES;
				INFOPLIST_FILE = MyWidget/Info.plist;
				INFOPLIST_KEY_CFBundleDisplayName = MyWidget;
				INFOPLIST_KEY_NSHumanReadableCopyright = "";
				LD_RUNPATH_SEARCH_PATHS = (
					"$(inherited)",
					"@executable_path/Frameworks",
					"@executable_path/../../Frameworks",
				);
				MARKETING_VERSION = 1.0;
				PRODUCT_BUNDLE_IDENTIFIER = self.tracks.MyWidget;
				PRODUCT_NAME = "$(TARGET_NAME)";
				SKIP_INSTALL = YES;
				SWIFT_EMIT_LOC_STRINGS = YES;
				SWIFT_VERSION = 5.0;
				TARGETED_DEVICE_FAMILY = "1,2";
			};
			name = Debug;
		};
		C00BDD7F29A8CA1E009254A3 /* Release */ = {
			isa = XCBuildConfiguration;
			buildSettings = {
				ASSETCATALOG_COMPILER_GLOBAL_ACCENT_COLOR_NAME = AccentColor;
				ASSETCATALOG_COMPILER_WIDGET_BACKGROUND_COLOR_NAME = WidgetBackground;
				CLANG_OPTIMIZATION_PROFILE_FILE = "/Users/avinaccia/Documents/mc3/OptimizationProfiles/$(PROJECT_NAME).profdata";
				CODE_SIGN_STYLE = Automatic;
				CURRENT_PROJECT_VERSION = 1;
				DEVELOPMENT_TEAM = 7272LWF3H8;
				GENERATE_INFOPLIST_FILE = YES;
				INFOPLIST_FILE = MyWidget/Info.plist;
				INFOPLIST_KEY_CFBundleDisplayName = MyWidget;
				INFOPLIST_KEY_NSHumanReadableCopyright = "";
				LD_RUNPATH_SEARCH_PATHS = (
					"$(inherited)",
					"@executable_path/Frameworks",
					"@executable_path/../../Frameworks",
				);
				MARKETING_VERSION = 1.0;
				PRODUCT_BUNDLE_IDENTIFIER = self.tracks.MyWidget;
				PRODUCT_NAME = "$(TARGET_NAME)";
				SKIP_INSTALL = YES;
				SWIFT_EMIT_LOC_STRINGS = YES;
				SWIFT_VERSION = 5.0;
				TARGETED_DEVICE_FAMILY = "1,2";
			};
			name = Release;
		};
		C0109E09299E43870075F6D1 /* Debug */ = {
			isa = XCBuildConfiguration;
			buildSettings = {
				ALWAYS_SEARCH_USER_PATHS = NO;
				CLANG_ANALYZER_NONNULL = YES;
				CLANG_ANALYZER_NUMBER_OBJECT_CONVERSION = YES_AGGRESSIVE;
				CLANG_CXX_LANGUAGE_STANDARD = "gnu++20";
				CLANG_ENABLE_MODULES = YES;
				CLANG_ENABLE_OBJC_ARC = YES;
				CLANG_ENABLE_OBJC_WEAK = YES;
				CLANG_WARN_BLOCK_CAPTURE_AUTORELEASING = YES;
				CLANG_WARN_BOOL_CONVERSION = YES;
				CLANG_WARN_COMMA = YES;
				CLANG_WARN_CONSTANT_CONVERSION = YES;
				CLANG_WARN_DEPRECATED_OBJC_IMPLEMENTATIONS = YES;
				CLANG_WARN_DIRECT_OBJC_ISA_USAGE = YES_ERROR;
				CLANG_WARN_DOCUMENTATION_COMMENTS = YES;
				CLANG_WARN_EMPTY_BODY = YES;
				CLANG_WARN_ENUM_CONVERSION = YES;
				CLANG_WARN_INFINITE_RECURSION = YES;
				CLANG_WARN_INT_CONVERSION = YES;
				CLANG_WARN_NON_LITERAL_NULL_CONVERSION = YES;
				CLANG_WARN_OBJC_IMPLICIT_RETAIN_SELF = YES;
				CLANG_WARN_OBJC_LITERAL_CONVERSION = YES;
				CLANG_WARN_OBJC_ROOT_CLASS = YES_ERROR;
				CLANG_WARN_QUOTED_INCLUDE_IN_FRAMEWORK_HEADER = YES;
				CLANG_WARN_RANGE_LOOP_ANALYSIS = YES;
				CLANG_WARN_STRICT_PROTOTYPES = YES;
				CLANG_WARN_SUSPICIOUS_MOVE = YES;
				CLANG_WARN_UNGUARDED_AVAILABILITY = YES_AGGRESSIVE;
				CLANG_WARN_UNREACHABLE_CODE = YES;
				CLANG_WARN__DUPLICATE_METHOD_MATCH = YES;
				COPY_PHASE_STRIP = NO;
				DEBUG_INFORMATION_FORMAT = dwarf;
				ENABLE_STRICT_OBJC_MSGSEND = YES;
				ENABLE_TESTABILITY = YES;
				GCC_C_LANGUAGE_STANDARD = gnu11;
				GCC_DYNAMIC_NO_PIC = NO;
				GCC_NO_COMMON_BLOCKS = YES;
				GCC_OPTIMIZATION_LEVEL = 0;
				GCC_PREPROCESSOR_DEFINITIONS = (
					"DEBUG=1",
					"$(inherited)",
				);
				GCC_WARN_64_TO_32_BIT_CONVERSION = YES;
				GCC_WARN_ABOUT_RETURN_TYPE = YES_ERROR;
				GCC_WARN_UNDECLARED_SELECTOR = YES;
				GCC_WARN_UNINITIALIZED_AUTOS = YES_AGGRESSIVE;
				GCC_WARN_UNUSED_FUNCTION = YES;
				GCC_WARN_UNUSED_VARIABLE = YES;
				IPHONEOS_DEPLOYMENT_TARGET = 16.2;
				MTL_ENABLE_DEBUG_INFO = INCLUDE_SOURCE;
				MTL_FAST_MATH = YES;
				ONLY_ACTIVE_ARCH = YES;
				SDKROOT = iphoneos;
				SWIFT_ACTIVE_COMPILATION_CONDITIONS = DEBUG;
				SWIFT_OPTIMIZATION_LEVEL = "-Onone";
			};
			name = Debug;
		};
		C0109E0A299E43870075F6D1 /* Release */ = {
			isa = XCBuildConfiguration;
			buildSettings = {
				ALWAYS_SEARCH_USER_PATHS = NO;
				CLANG_ANALYZER_NONNULL = YES;
				CLANG_ANALYZER_NUMBER_OBJECT_CONVERSION = YES_AGGRESSIVE;
				CLANG_CXX_LANGUAGE_STANDARD = "gnu++20";
				CLANG_ENABLE_MODULES = YES;
				CLANG_ENABLE_OBJC_ARC = YES;
				CLANG_ENABLE_OBJC_WEAK = YES;
				CLANG_WARN_BLOCK_CAPTURE_AUTORELEASING = YES;
				CLANG_WARN_BOOL_CONVERSION = YES;
				CLANG_WARN_COMMA = YES;
				CLANG_WARN_CONSTANT_CONVERSION = YES;
				CLANG_WARN_DEPRECATED_OBJC_IMPLEMENTATIONS = YES;
				CLANG_WARN_DIRECT_OBJC_ISA_USAGE = YES_ERROR;
				CLANG_WARN_DOCUMENTATION_COMMENTS = YES;
				CLANG_WARN_EMPTY_BODY = YES;
				CLANG_WARN_ENUM_CONVERSION = YES;
				CLANG_WARN_INFINITE_RECURSION = YES;
				CLANG_WARN_INT_CONVERSION = YES;
				CLANG_WARN_NON_LITERAL_NULL_CONVERSION = YES;
				CLANG_WARN_OBJC_IMPLICIT_RETAIN_SELF = YES;
				CLANG_WARN_OBJC_LITERAL_CONVERSION = YES;
				CLANG_WARN_OBJC_ROOT_CLASS = YES_ERROR;
				CLANG_WARN_QUOTED_INCLUDE_IN_FRAMEWORK_HEADER = YES;
				CLANG_WARN_RANGE_LOOP_ANALYSIS = YES;
				CLANG_WARN_STRICT_PROTOTYPES = YES;
				CLANG_WARN_SUSPICIOUS_MOVE = YES;
				CLANG_WARN_UNGUARDED_AVAILABILITY = YES_AGGRESSIVE;
				CLANG_WARN_UNREACHABLE_CODE = YES;
				CLANG_WARN__DUPLICATE_METHOD_MATCH = YES;
				COPY_PHASE_STRIP = NO;
				DEBUG_INFORMATION_FORMAT = "dwarf-with-dsym";
				ENABLE_NS_ASSERTIONS = NO;
				ENABLE_STRICT_OBJC_MSGSEND = YES;
				GCC_C_LANGUAGE_STANDARD = gnu11;
				GCC_NO_COMMON_BLOCKS = YES;
				GCC_WARN_64_TO_32_BIT_CONVERSION = YES;
				GCC_WARN_ABOUT_RETURN_TYPE = YES_ERROR;
				GCC_WARN_UNDECLARED_SELECTOR = YES;
				GCC_WARN_UNINITIALIZED_AUTOS = YES_AGGRESSIVE;
				GCC_WARN_UNUSED_FUNCTION = YES;
				GCC_WARN_UNUSED_VARIABLE = YES;
				IPHONEOS_DEPLOYMENT_TARGET = 16.2;
				MTL_ENABLE_DEBUG_INFO = NO;
				MTL_FAST_MATH = YES;
				SDKROOT = iphoneos;
				SWIFT_COMPILATION_MODE = wholemodule;
				SWIFT_OPTIMIZATION_LEVEL = "-O";
				VALIDATE_PRODUCT = YES;
			};
			name = Release;
		};
		C0109E0C299E43870075F6D1 /* Debug */ = {
			isa = XCBuildConfiguration;
			buildSettings = {
				ALWAYS_EMBED_SWIFT_STANDARD_LIBRARIES = YES;
				ASSETCATALOG_COMPILER_APPICON_NAME = AppIcon;
				ASSETCATALOG_COMPILER_GLOBAL_ACCENT_COLOR_NAME = AccentColor;
				CLANG_OPTIMIZATION_PROFILE_FILE = "/Users/avinaccia/Documents/mc3/OptimizationProfiles/$(PROJECT_NAME).profdata";
				CODE_SIGN_STYLE = Automatic;
				CURRENT_PROJECT_VERSION = 1;
				DEVELOPMENT_ASSET_PATHS = "";
				DEVELOPMENT_TEAM = 7272LWF3H8;
				ENABLE_PREVIEWS = YES;
				GENERATE_INFOPLIST_FILE = YES;
				INFOPLIST_FILE = tracks/Info.plist;
				INFOPLIST_KEY_UIApplicationSceneManifest_Generation = YES;
				INFOPLIST_KEY_UIApplicationSupportsIndirectInputEvents = YES;
				INFOPLIST_KEY_UILaunchScreen_Generation = YES;
				INFOPLIST_KEY_UISupportedInterfaceOrientations_iPad = "UIInterfaceOrientationPortrait UIInterfaceOrientationPortraitUpsideDown UIInterfaceOrientationLandscapeLeft UIInterfaceOrientationLandscapeRight";
				INFOPLIST_KEY_UISupportedInterfaceOrientations_iPhone = "UIInterfaceOrientationPortrait UIInterfaceOrientationLandscapeLeft UIInterfaceOrientationLandscapeRight";
				LD_RUNPATH_SEARCH_PATHS = (
					"$(inherited)",
					"@executable_path/Frameworks",
				);
				MARKETING_VERSION = 1.0;
				PRODUCT_BUNDLE_IDENTIFIER = self.tracks;
				PRODUCT_NAME = "$(TARGET_NAME)";
				SWIFT_EMIT_LOC_STRINGS = YES;
				SWIFT_VERSION = 5.0;
				TARGETED_DEVICE_FAMILY = "1,2";
			};
			name = Debug;
		};
		C0109E0D299E43870075F6D1 /* Release */ = {
			isa = XCBuildConfiguration;
			buildSettings = {
				ALWAYS_EMBED_SWIFT_STANDARD_LIBRARIES = YES;
				ASSETCATALOG_COMPILER_APPICON_NAME = AppIcon;
				ASSETCATALOG_COMPILER_GLOBAL_ACCENT_COLOR_NAME = AccentColor;
				CLANG_OPTIMIZATION_PROFILE_FILE = "/Users/avinaccia/Documents/mc3/OptimizationProfiles/$(PROJECT_NAME).profdata";
				CODE_SIGN_STYLE = Automatic;
				CURRENT_PROJECT_VERSION = 1;
				DEVELOPMENT_ASSET_PATHS = "";
				DEVELOPMENT_TEAM = 7272LWF3H8;
				ENABLE_PREVIEWS = YES;
				GENERATE_INFOPLIST_FILE = YES;
				INFOPLIST_FILE = tracks/Info.plist;
				INFOPLIST_KEY_UIApplicationSceneManifest_Generation = YES;
				INFOPLIST_KEY_UIApplicationSupportsIndirectInputEvents = YES;
				INFOPLIST_KEY_UILaunchScreen_Generation = YES;
				INFOPLIST_KEY_UISupportedInterfaceOrientations_iPad = "UIInterfaceOrientationPortrait UIInterfaceOrientationPortraitUpsideDown UIInterfaceOrientationLandscapeLeft UIInterfaceOrientationLandscapeRight";
				INFOPLIST_KEY_UISupportedInterfaceOrientations_iPhone = "UIInterfaceOrientationPortrait UIInterfaceOrientationLandscapeLeft UIInterfaceOrientationLandscapeRight";
				LD_RUNPATH_SEARCH_PATHS = (
					"$(inherited)",
					"@executable_path/Frameworks",
				);
				MARKETING_VERSION = 1.0;
				PRODUCT_BUNDLE_IDENTIFIER = self.tracks;
				PRODUCT_NAME = "$(TARGET_NAME)";
				SWIFT_EMIT_LOC_STRINGS = YES;
				SWIFT_VERSION = 5.0;
				TARGETED_DEVICE_FAMILY = "1,2";
			};
			name = Release;
		};
/* End XCBuildConfiguration section */

/* Begin XCConfigurationList section */
		2A889BE629A8D6430077BE2B /* Build configuration list for PBXNativeTarget "Tracks Watch App" */ = {
			isa = XCConfigurationList;
			buildConfigurations = (
				2A889BE729A8D6430077BE2B /* Debug */,
				2A889BE829A8D6430077BE2B /* Release */,
			);
			defaultConfigurationIsVisible = 0;
			defaultConfigurationName = Release;
		};
		C00BDD7D29A8CA1E009254A3 /* Build configuration list for PBXNativeTarget "MyWidgetExtension" */ = {
			isa = XCConfigurationList;
			buildConfigurations = (
				C00BDD7E29A8CA1E009254A3 /* Debug */,
				C00BDD7F29A8CA1E009254A3 /* Release */,
			);
			defaultConfigurationIsVisible = 0;
			defaultConfigurationName = Release;
		};
		C0109DF8299E43850075F6D1 /* Build configuration list for PBXProject "tracks" */ = {
			isa = XCConfigurationList;
			buildConfigurations = (
				C0109E09299E43870075F6D1 /* Debug */,
				C0109E0A299E43870075F6D1 /* Release */,
			);
			defaultConfigurationIsVisible = 0;
			defaultConfigurationName = Release;
		};
		C0109E0B299E43870075F6D1 /* Build configuration list for PBXNativeTarget "tracks" */ = {
			isa = XCConfigurationList;
			buildConfigurations = (
				C0109E0C299E43870075F6D1 /* Debug */,
				C0109E0D299E43870075F6D1 /* Release */,
			);
			defaultConfigurationIsVisible = 0;
			defaultConfigurationName = Release;
		};
/* End XCConfigurationList section */
	};
	rootObject = C0109DF5299E43850075F6D1 /* Project object */;
}
